// !$*UTF8*$!
{
	archiveVersion = 1;
	classes = {
	};
	objectVersion = 55;
	objects = {

/* Begin PBXBuildFile section */
		3F10485A27FFD09400F932F8 /* AppDelegate.swift in Sources */ = {isa = PBXBuildFile; fileRef = 3F10485927FFD09400F932F8 /* AppDelegate.swift */; };
		3F10485C27FFD09400F932F8 /* SceneDelegate.swift in Sources */ = {isa = PBXBuildFile; fileRef = 3F10485B27FFD09400F932F8 /* SceneDelegate.swift */; };
		3F10485E27FFD09400F932F8 /* ViewController.swift in Sources */ = {isa = PBXBuildFile; fileRef = 3F10485D27FFD09400F932F8 /* ViewController.swift */; };
		3F10486127FFD09400F932F8 /* Main.storyboard in Resources */ = {isa = PBXBuildFile; fileRef = 3F10485F27FFD09400F932F8 /* Main.storyboard */; };
		3F10486327FFD09500F932F8 /* Assets.xcassets in Resources */ = {isa = PBXBuildFile; fileRef = 3F10486227FFD09500F932F8 /* Assets.xcassets */; };
		3F10486627FFD09500F932F8 /* LaunchScreen.storyboard in Resources */ = {isa = PBXBuildFile; fileRef = 3F10486427FFD09500F932F8 /* LaunchScreen.storyboard */; };
		3F10487127FFD09500F932F8 /* GroupProjectTests.swift in Sources */ = {isa = PBXBuildFile; fileRef = 3F10487027FFD09500F932F8 /* GroupProjectTests.swift */; };
		3F10487B27FFD09500F932F8 /* GroupProjectUITests.swift in Sources */ = {isa = PBXBuildFile; fileRef = 3F10487A27FFD09500F932F8 /* GroupProjectUITests.swift */; };
		3F10487D27FFD09500F932F8 /* GroupProjectUITestsLaunchTests.swift in Sources */ = {isa = PBXBuildFile; fileRef = 3F10487C27FFD09500F932F8 /* GroupProjectUITestsLaunchTests.swift */; };
		3F10488A27FFD45300F932F8 /* EventViewController.swift in Sources */ = {isa = PBXBuildFile; fileRef = 3F10488927FFD45300F932F8 /* EventViewController.swift */; };
		3F818A92281CF40400213132 /* SignUpViewController.swift in Sources */ = {isa = PBXBuildFile; fileRef = 3F818A91281CF40400213132 /* SignUpViewController.swift */; };
		3F818A94281CF44000213132 /* LoginViewController.swift in Sources */ = {isa = PBXBuildFile; fileRef = 3F818A93281CF44000213132 /* LoginViewController.swift */; };
		3F818A96281D037E00213132 /* GoogleService-Info.plist in Resources */ = {isa = PBXBuildFile; fileRef = 3F818A95281D037E00213132 /* GoogleService-Info.plist */; };
		3F818A99281D047E00213132 /* FirebaseAnalytics in Frameworks */ = {isa = PBXBuildFile; productRef = 3F818A98281D047E00213132 /* FirebaseAnalytics */; };
		4230D8E52820AE3B00564061 /* AddEventViewController.swift in Sources */ = {isa = PBXBuildFile; fileRef = 4230D8E42820AE3B00564061 /* AddEventViewController.swift */; };
		4230D8E72820AEBF00564061 /* EventInfoViewController.swift in Sources */ = {isa = PBXBuildFile; fileRef = 4230D8E62820AEBF00564061 /* EventInfoViewController.swift */; };
/* End PBXBuildFile section */

/* Begin PBXContainerItemProxy section */
		3F10486D27FFD09500F932F8 /* PBXContainerItemProxy */ = {
			isa = PBXContainerItemProxy;
			containerPortal = 3F10484E27FFD09400F932F8 /* Project object */;
			proxyType = 1;
			remoteGlobalIDString = 3F10485527FFD09400F932F8;
			remoteInfo = GroupProject;
		};
		3F10487727FFD09500F932F8 /* PBXContainerItemProxy */ = {
			isa = PBXContainerItemProxy;
			containerPortal = 3F10484E27FFD09400F932F8 /* Project object */;
			proxyType = 1;
			remoteGlobalIDString = 3F10485527FFD09400F932F8;
			remoteInfo = GroupProject;
		};
/* End PBXContainerItemProxy section */

/* Begin PBXFileReference section */
		3F10485627FFD09400F932F8 /* GroupProject.app */ = {isa = PBXFileReference; explicitFileType = wrapper.application; includeInIndex = 0; path = GroupProject.app; sourceTree = BUILT_PRODUCTS_DIR; };
		3F10485927FFD09400F932F8 /* AppDelegate.swift */ = {isa = PBXFileReference; lastKnownFileType = sourcecode.swift; path = AppDelegate.swift; sourceTree = "<group>"; };
		3F10485B27FFD09400F932F8 /* SceneDelegate.swift */ = {isa = PBXFileReference; lastKnownFileType = sourcecode.swift; path = SceneDelegate.swift; sourceTree = "<group>"; };
		3F10485D27FFD09400F932F8 /* ViewController.swift */ = {isa = PBXFileReference; lastKnownFileType = sourcecode.swift; path = ViewController.swift; sourceTree = "<group>"; };
		3F10486027FFD09400F932F8 /* Base */ = {isa = PBXFileReference; lastKnownFileType = file.storyboard; name = Base; path = Base.lproj/Main.storyboard; sourceTree = "<group>"; };
		3F10486227FFD09500F932F8 /* Assets.xcassets */ = {isa = PBXFileReference; lastKnownFileType = folder.assetcatalog; path = Assets.xcassets; sourceTree = "<group>"; };
		3F10486527FFD09500F932F8 /* Base */ = {isa = PBXFileReference; lastKnownFileType = file.storyboard; name = Base; path = Base.lproj/LaunchScreen.storyboard; sourceTree = "<group>"; };
		3F10486727FFD09500F932F8 /* Info.plist */ = {isa = PBXFileReference; lastKnownFileType = text.plist.xml; path = Info.plist; sourceTree = "<group>"; };
		3F10486C27FFD09500F932F8 /* GroupProjectTests.xctest */ = {isa = PBXFileReference; explicitFileType = wrapper.cfbundle; includeInIndex = 0; path = GroupProjectTests.xctest; sourceTree = BUILT_PRODUCTS_DIR; };
		3F10487027FFD09500F932F8 /* GroupProjectTests.swift */ = {isa = PBXFileReference; lastKnownFileType = sourcecode.swift; path = GroupProjectTests.swift; sourceTree = "<group>"; };
		3F10487627FFD09500F932F8 /* GroupProjectUITests.xctest */ = {isa = PBXFileReference; explicitFileType = wrapper.cfbundle; includeInIndex = 0; path = GroupProjectUITests.xctest; sourceTree = BUILT_PRODUCTS_DIR; };
		3F10487A27FFD09500F932F8 /* GroupProjectUITests.swift */ = {isa = PBXFileReference; lastKnownFileType = sourcecode.swift; path = GroupProjectUITests.swift; sourceTree = "<group>"; };
		3F10487C27FFD09500F932F8 /* GroupProjectUITestsLaunchTests.swift */ = {isa = PBXFileReference; lastKnownFileType = sourcecode.swift; path = GroupProjectUITestsLaunchTests.swift; sourceTree = "<group>"; };
		3F10488927FFD45300F932F8 /* EventViewController.swift */ = {isa = PBXFileReference; lastKnownFileType = sourcecode.swift; path = EventViewController.swift; sourceTree = "<group>"; };
		3F818A91281CF40400213132 /* SignUpViewController.swift */ = {isa = PBXFileReference; lastKnownFileType = sourcecode.swift; path = SignUpViewController.swift; sourceTree = "<group>"; };
		3F818A93281CF44000213132 /* LoginViewController.swift */ = {isa = PBXFileReference; lastKnownFileType = sourcecode.swift; path = LoginViewController.swift; sourceTree = "<group>"; };
		3F818A95281D037E00213132 /* GoogleService-Info.plist */ = {isa = PBXFileReference; fileEncoding = 4; lastKnownFileType = text.plist.xml; path = "GoogleService-Info.plist"; sourceTree = "<group>"; };
		4230D8E42820AE3B00564061 /* AddEventViewController.swift */ = {isa = PBXFileReference; lastKnownFileType = sourcecode.swift; path = AddEventViewController.swift; sourceTree = "<group>"; };
		4230D8E62820AEBF00564061 /* EventInfoViewController.swift */ = {isa = PBXFileReference; lastKnownFileType = sourcecode.swift; path = EventInfoViewController.swift; sourceTree = "<group>"; };
/* End PBXFileReference section */

/* Begin PBXFrameworksBuildPhase section */
		3F10485327FFD09400F932F8 /* Frameworks */ = {
			isa = PBXFrameworksBuildPhase;
			buildActionMask = 2147483647;
			files = (
				3F818A99281D047E00213132 /* FirebaseAnalytics in Frameworks */,
			);
			runOnlyForDeploymentPostprocessing = 0;
		};
		3F10486927FFD09500F932F8 /* Frameworks */ = {
			isa = PBXFrameworksBuildPhase;
			buildActionMask = 2147483647;
			files = (
			);
			runOnlyForDeploymentPostprocessing = 0;
		};
		3F10487327FFD09500F932F8 /* Frameworks */ = {
			isa = PBXFrameworksBuildPhase;
			buildActionMask = 2147483647;
			files = (
			);
			runOnlyForDeploymentPostprocessing = 0;
		};
/* End PBXFrameworksBuildPhase section */

/* Begin PBXGroup section */
		3F10484D27FFD09400F932F8 = {
			isa = PBXGroup;
			children = (
				3F10485827FFD09400F932F8 /* GroupProject */,
				3F10486F27FFD09500F932F8 /* GroupProjectTests */,
				3F10487927FFD09500F932F8 /* GroupProjectUITests */,
				3F10485727FFD09400F932F8 /* Products */,
			);
			sourceTree = "<group>";
		};
		3F10485727FFD09400F932F8 /* Products */ = {
			isa = PBXGroup;
			children = (
				3F10485627FFD09400F932F8 /* GroupProject.app */,
				3F10486C27FFD09500F932F8 /* GroupProjectTests.xctest */,
				3F10487627FFD09500F932F8 /* GroupProjectUITests.xctest */,
			);
			name = Products;
			sourceTree = "<group>";
		};
		3F10485827FFD09400F932F8 /* GroupProject */ = {
			isa = PBXGroup;
			children = (
				3F10485927FFD09400F932F8 /* AppDelegate.swift */,
				3F10485B27FFD09400F932F8 /* SceneDelegate.swift */,
				3F10485D27FFD09400F932F8 /* ViewController.swift */,
				3F10485F27FFD09400F932F8 /* Main.storyboard */,
				3F10486227FFD09500F932F8 /* Assets.xcassets */,
				3F10486427FFD09500F932F8 /* LaunchScreen.storyboard */,
				3F10486727FFD09500F932F8 /* Info.plist */,
				3F10488927FFD45300F932F8 /* EventViewController.swift */,
				3F818A91281CF40400213132 /* SignUpViewController.swift */,
				3F818A93281CF44000213132 /* LoginViewController.swift */,
				4230D8E42820AE3B00564061 /* AddEventViewController.swift */,
				4230D8E62820AEBF00564061 /* EventInfoViewController.swift */,
				3F818A95281D037E00213132 /* GoogleService-Info.plist */,
			);
			path = GroupProject;
			sourceTree = "<group>";
		};
		3F10486F27FFD09500F932F8 /* GroupProjectTests */ = {
			isa = PBXGroup;
			children = (
				3F10487027FFD09500F932F8 /* GroupProjectTests.swift */,
			);
			path = GroupProjectTests;
			sourceTree = "<group>";
		};
		3F10487927FFD09500F932F8 /* GroupProjectUITests */ = {
			isa = PBXGroup;
			children = (
				3F10487A27FFD09500F932F8 /* GroupProjectUITests.swift */,
				3F10487C27FFD09500F932F8 /* GroupProjectUITestsLaunchTests.swift */,
			);
			path = GroupProjectUITests;
			sourceTree = "<group>";
		};
/* End PBXGroup section */

/* Begin PBXNativeTarget section */
		3F10485527FFD09400F932F8 /* GroupProject */ = {
			isa = PBXNativeTarget;
			buildConfigurationList = 3F10488027FFD09500F932F8 /* Build configuration list for PBXNativeTarget "GroupProject" */;
			buildPhases = (
				3F10485227FFD09400F932F8 /* Sources */,
				3F10485327FFD09400F932F8 /* Frameworks */,
				3F10485427FFD09400F932F8 /* Resources */,
			);
			buildRules = (
			);
			dependencies = (
			);
			name = GroupProject;
			packageProductDependencies = (
				3F818A98281D047E00213132 /* FirebaseAnalytics */,
			);
			productName = GroupProject;
			productReference = 3F10485627FFD09400F932F8 /* GroupProject.app */;
			productType = "com.apple.product-type.application";
		};
		3F10486B27FFD09500F932F8 /* GroupProjectTests */ = {
			isa = PBXNativeTarget;
			buildConfigurationList = 3F10488327FFD09500F932F8 /* Build configuration list for PBXNativeTarget "GroupProjectTests" */;
			buildPhases = (
				3F10486827FFD09500F932F8 /* Sources */,
				3F10486927FFD09500F932F8 /* Frameworks */,
				3F10486A27FFD09500F932F8 /* Resources */,
			);
			buildRules = (
			);
			dependencies = (
				3F10486E27FFD09500F932F8 /* PBXTargetDependency */,
			);
			name = GroupProjectTests;
			productName = GroupProjectTests;
			productReference = 3F10486C27FFD09500F932F8 /* GroupProjectTests.xctest */;
			productType = "com.apple.product-type.bundle.unit-test";
		};
		3F10487527FFD09500F932F8 /* GroupProjectUITests */ = {
			isa = PBXNativeTarget;
			buildConfigurationList = 3F10488627FFD09500F932F8 /* Build configuration list for PBXNativeTarget "GroupProjectUITests" */;
			buildPhases = (
				3F10487227FFD09500F932F8 /* Sources */,
				3F10487327FFD09500F932F8 /* Frameworks */,
				3F10487427FFD09500F932F8 /* Resources */,
			);
			buildRules = (
			);
			dependencies = (
				3F10487827FFD09500F932F8 /* PBXTargetDependency */,
			);
			name = GroupProjectUITests;
			productName = GroupProjectUITests;
			productReference = 3F10487627FFD09500F932F8 /* GroupProjectUITests.xctest */;
			productType = "com.apple.product-type.bundle.ui-testing";
		};
/* End PBXNativeTarget section */

/* Begin PBXProject section */
		3F10484E27FFD09400F932F8 /* Project object */ = {
			isa = PBXProject;
			attributes = {
				BuildIndependentTargetsInParallel = 1;
				LastSwiftUpdateCheck = 1330;
				LastUpgradeCheck = 1330;
				TargetAttributes = {
					3F10485527FFD09400F932F8 = {
						CreatedOnToolsVersion = 13.3;
					};
					3F10486B27FFD09500F932F8 = {
						CreatedOnToolsVersion = 13.3;
						TestTargetID = 3F10485527FFD09400F932F8;
					};
					3F10487527FFD09500F932F8 = {
						CreatedOnToolsVersion = 13.3;
						TestTargetID = 3F10485527FFD09400F932F8;
					};
				};
			};
			buildConfigurationList = 3F10485127FFD09400F932F8 /* Build configuration list for PBXProject "GroupProject" */;
			compatibilityVersion = "Xcode 13.0";
			developmentRegion = en;
			hasScannedForEncodings = 0;
			knownRegions = (
				en,
				Base,
			);
			mainGroup = 3F10484D27FFD09400F932F8;
			packageReferences = (
				3F818A97281D047E00213132 /* XCRemoteSwiftPackageReference "firebase-ios-sdk" */,
			);
			productRefGroup = 3F10485727FFD09400F932F8 /* Products */;
			projectDirPath = "";
			projectRoot = "";
			targets = (
				3F10485527FFD09400F932F8 /* GroupProject */,
				3F10486B27FFD09500F932F8 /* GroupProjectTests */,
				3F10487527FFD09500F932F8 /* GroupProjectUITests */,
			);
		};
/* End PBXProject section */

/* Begin PBXResourcesBuildPhase section */
		3F10485427FFD09400F932F8 /* Resources */ = {
			isa = PBXResourcesBuildPhase;
			buildActionMask = 2147483647;
			files = (
				3F10486627FFD09500F932F8 /* LaunchScreen.storyboard in Resources */,
				3F818A96281D037E00213132 /* GoogleService-Info.plist in Resources */,
				3F10486327FFD09500F932F8 /* Assets.xcassets in Resources */,
				3F10486127FFD09400F932F8 /* Main.storyboard in Resources */,
			);
			runOnlyForDeploymentPostprocessing = 0;
		};
		3F10486A27FFD09500F932F8 /* Resources */ = {
			isa = PBXResourcesBuildPhase;
			buildActionMask = 2147483647;
			files = (
			);
			runOnlyForDeploymentPostprocessing = 0;
		};
		3F10487427FFD09500F932F8 /* Resources */ = {
			isa = PBXResourcesBuildPhase;
			buildActionMask = 2147483647;
			files = (
			);
			runOnlyForDeploymentPostprocessing = 0;
		};
/* End PBXResourcesBuildPhase section */

/* Begin PBXSourcesBuildPhase section */
		3F10485227FFD09400F932F8 /* Sources */ = {
			isa = PBXSourcesBuildPhase;
			buildActionMask = 2147483647;
			files = (
				3F818A94281CF44000213132 /* LoginViewController.swift in Sources */,
				3F10485E27FFD09400F932F8 /* ViewController.swift in Sources */,
				3F10488A27FFD45300F932F8 /* EventViewController.swift in Sources */,
				3F10485A27FFD09400F932F8 /* AppDelegate.swift in Sources */,
				4230D8E52820AE3B00564061 /* AddEventViewController.swift in Sources */,
				4230D8E72820AEBF00564061 /* EventInfoViewController.swift in Sources */,
				3F10485C27FFD09400F932F8 /* SceneDelegate.swift in Sources */,
				3F818A92281CF40400213132 /* SignUpViewController.swift in Sources */,
			);
			runOnlyForDeploymentPostprocessing = 0;
		};
		3F10486827FFD09500F932F8 /* Sources */ = {
			isa = PBXSourcesBuildPhase;
			buildActionMask = 2147483647;
			files = (
				3F10487127FFD09500F932F8 /* GroupProjectTests.swift in Sources */,
			);
			runOnlyForDeploymentPostprocessing = 0;
		};
		3F10487227FFD09500F932F8 /* Sources */ = {
			isa = PBXSourcesBuildPhase;
			buildActionMask = 2147483647;
			files = (
				3F10487D27FFD09500F932F8 /* GroupProjectUITestsLaunchTests.swift in Sources */,
				3F10487B27FFD09500F932F8 /* GroupProjectUITests.swift in Sources */,
			);
			runOnlyForDeploymentPostprocessing = 0;
		};
/* End PBXSourcesBuildPhase section */

/* Begin PBXTargetDependency section */
		3F10486E27FFD09500F932F8 /* PBXTargetDependency */ = {
			isa = PBXTargetDependency;
			target = 3F10485527FFD09400F932F8 /* GroupProject */;
			targetProxy = 3F10486D27FFD09500F932F8 /* PBXContainerItemProxy */;
		};
		3F10487827FFD09500F932F8 /* PBXTargetDependency */ = {
			isa = PBXTargetDependency;
			target = 3F10485527FFD09400F932F8 /* GroupProject */;
			targetProxy = 3F10487727FFD09500F932F8 /* PBXContainerItemProxy */;
		};
/* End PBXTargetDependency section */

/* Begin PBXVariantGroup section */
		3F10485F27FFD09400F932F8 /* Main.storyboard */ = {
			isa = PBXVariantGroup;
			children = (
				3F10486027FFD09400F932F8 /* Base */,
			);
			name = Main.storyboard;
			sourceTree = "<group>";
		};
		3F10486427FFD09500F932F8 /* LaunchScreen.storyboard */ = {
			isa = PBXVariantGroup;
			children = (
				3F10486527FFD09500F932F8 /* Base */,
			);
			name = LaunchScreen.storyboard;
			sourceTree = "<group>";
		};
/* End PBXVariantGroup section */

/* Begin XCBuildConfiguration section */
		3F10487E27FFD09500F932F8 /* Debug */ = {
			isa = XCBuildConfiguration;
			buildSettings = {
				ALWAYS_SEARCH_USER_PATHS = NO;
				CLANG_ANALYZER_NONNULL = YES;
				CLANG_ANALYZER_NUMBER_OBJECT_CONVERSION = YES_AGGRESSIVE;
				CLANG_CXX_LANGUAGE_STANDARD = "gnu++17";
				CLANG_ENABLE_MODULES = YES;
				CLANG_ENABLE_OBJC_ARC = YES;
				CLANG_ENABLE_OBJC_WEAK = YES;
				CLANG_WARN_BLOCK_CAPTURE_AUTORELEASING = YES;
				CLANG_WARN_BOOL_CONVERSION = YES;
				CLANG_WARN_COMMA = YES;
				CLANG_WARN_CONSTANT_CONVERSION = YES;
				CLANG_WARN_DEPRECATED_OBJC_IMPLEMENTATIONS = YES;
				CLANG_WARN_DIRECT_OBJC_ISA_USAGE = YES_ERROR;
				CLANG_WARN_DOCUMENTATION_COMMENTS = YES;
				CLANG_WARN_EMPTY_BODY = YES;
				CLANG_WARN_ENUM_CONVERSION = YES;
				CLANG_WARN_INFINITE_RECURSION = YES;
				CLANG_WARN_INT_CONVERSION = YES;
				CLANG_WARN_NON_LITERAL_NULL_CONVERSION = YES;
				CLANG_WARN_OBJC_IMPLICIT_RETAIN_SELF = YES;
				CLANG_WARN_OBJC_LITERAL_CONVERSION = YES;
				CLANG_WARN_OBJC_ROOT_CLASS = YES_ERROR;
				CLANG_WARN_QUOTED_INCLUDE_IN_FRAMEWORK_HEADER = YES;
				CLANG_WARN_RANGE_LOOP_ANALYSIS = YES;
				CLANG_WARN_STRICT_PROTOTYPES = YES;
				CLANG_WARN_SUSPICIOUS_MOVE = YES;
				CLANG_WARN_UNGUARDED_AVAILABILITY = YES_AGGRESSIVE;
				CLANG_WARN_UNREACHABLE_CODE = YES;
				CLANG_WARN__DUPLICATE_METHOD_MATCH = YES;
				COPY_PHASE_STRIP = NO;
				DEBUG_INFORMATION_FORMAT = dwarf;
				ENABLE_STRICT_OBJC_MSGSEND = YES;
				ENABLE_TESTABILITY = YES;
				GCC_C_LANGUAGE_STANDARD = gnu11;
				GCC_DYNAMIC_NO_PIC = NO;
				GCC_NO_COMMON_BLOCKS = YES;
				GCC_OPTIMIZATION_LEVEL = 0;
				GCC_PREPROCESSOR_DEFINITIONS = (
					"DEBUG=1",
					"$(inherited)",
				);
				GCC_WARN_64_TO_32_BIT_CONVERSION = YES;
				GCC_WARN_ABOUT_RETURN_TYPE = YES_ERROR;
				GCC_WARN_UNDECLARED_SELECTOR = YES;
				GCC_WARN_UNINITIALIZED_AUTOS = YES_AGGRESSIVE;
				GCC_WARN_UNUSED_FUNCTION = YES;
				GCC_WARN_UNUSED_VARIABLE = YES;
				IPHONEOS_DEPLOYMENT_TARGET = 15.0;
				MTL_ENABLE_DEBUG_INFO = INCLUDE_SOURCE;
				MTL_FAST_MATH = YES;
				ONLY_ACTIVE_ARCH = YES;
				SDKROOT = iphoneos;
				SWIFT_ACTIVE_COMPILATION_CONDITIONS = DEBUG;
				SWIFT_OPTIMIZATION_LEVEL = "-Onone";
			};
			name = Debug;
		};
		3F10487F27FFD09500F932F8 /* Release */ = {
			isa = XCBuildConfiguration;
			buildSettings = {
				ALWAYS_SEARCH_USER_PATHS = NO;
				CLANG_ANALYZER_NONNULL = YES;
				CLANG_ANALYZER_NUMBER_OBJECT_CONVERSION = YES_AGGRESSIVE;
				CLANG_CXX_LANGUAGE_STANDARD = "gnu++17";
				CLANG_ENABLE_MODULES = YES;
				CLANG_ENABLE_OBJC_ARC = YES;
				CLANG_ENABLE_OBJC_WEAK = YES;
				CLANG_WARN_BLOCK_CAPTURE_AUTORELEASING = YES;
				CLANG_WARN_BOOL_CONVERSION = YES;
				CLANG_WARN_COMMA = YES;
				CLANG_WARN_CONSTANT_CONVERSION = YES;
				CLANG_WARN_DEPRECATED_OBJC_IMPLEMENTATIONS = YES;
				CLANG_WARN_DIRECT_OBJC_ISA_USAGE = YES_ERROR;
				CLANG_WARN_DOCUMENTATION_COMMENTS = YES;
				CLANG_WARN_EMPTY_BODY = YES;
				CLANG_WARN_ENUM_CONVERSION = YES;
				CLANG_WARN_INFINITE_RECURSION = YES;
				CLANG_WARN_INT_CONVERSION = YES;
				CLANG_WARN_NON_LITERAL_NULL_CONVERSION = YES;
				CLANG_WARN_OBJC_IMPLICIT_RETAIN_SELF = YES;
				CLANG_WARN_OBJC_LITERAL_CONVERSION = YES;
				CLANG_WARN_OBJC_ROOT_CLASS = YES_ERROR;
				CLANG_WARN_QUOTED_INCLUDE_IN_FRAMEWORK_HEADER = YES;
				CLANG_WARN_RANGE_LOOP_ANALYSIS = YES;
				CLANG_WARN_STRICT_PROTOTYPES = YES;
				CLANG_WARN_SUSPICIOUS_MOVE = YES;
				CLANG_WARN_UNGUARDED_AVAILABILITY = YES_AGGRESSIVE;
				CLANG_WARN_UNREACHABLE_CODE = YES;
				CLANG_WARN__DUPLICATE_METHOD_MATCH = YES;
				COPY_PHASE_STRIP = NO;
				DEBUG_INFORMATION_FORMAT = "dwarf-with-dsym";
				ENABLE_NS_ASSERTIONS = NO;
				ENABLE_STRICT_OBJC_MSGSEND = YES;
				GCC_C_LANGUAGE_STANDARD = gnu11;
				GCC_NO_COMMON_BLOCKS = YES;
				GCC_WARN_64_TO_32_BIT_CONVERSION = YES;
				GCC_WARN_ABOUT_RETURN_TYPE = YES_ERROR;
				GCC_WARN_UNDECLARED_SELECTOR = YES;
				GCC_WARN_UNINITIALIZED_AUTOS = YES_AGGRESSIVE;
				GCC_WARN_UNUSED_FUNCTION = YES;
				GCC_WARN_UNUSED_VARIABLE = YES;
				IPHONEOS_DEPLOYMENT_TARGET = 15.0;
				MTL_ENABLE_DEBUG_INFO = NO;
				MTL_FAST_MATH = YES;
				SDKROOT = iphoneos;
				SWIFT_COMPILATION_MODE = wholemodule;
				SWIFT_OPTIMIZATION_LEVEL = "-O";
				VALIDATE_PRODUCT = YES;
			};
			name = Release;
		};
		3F10488127FFD09500F932F8 /* Debug */ = {
			isa = XCBuildConfiguration;
			buildSettings = {
				ASSETCATALOG_COMPILER_APPICON_NAME = AppIcon;
				ASSETCATALOG_COMPILER_GLOBAL_ACCENT_COLOR_NAME = AccentColor;
				CODE_SIGN_STYLE = Automatic;
				CURRENT_PROJECT_VERSION = 1;
				GENERATE_INFOPLIST_FILE = YES;
				INFOPLIST_FILE = GroupProject/Info.plist;
				INFOPLIST_KEY_UIApplicationSupportsIndirectInputEvents = YES;
				INFOPLIST_KEY_UILaunchStoryboardName = LaunchScreen;
				INFOPLIST_KEY_UIMainStoryboardFile = Main;
				INFOPLIST_KEY_UISupportedInterfaceOrientations_iPad = "UIInterfaceOrientationPortrait UIInterfaceOrientationPortraitUpsideDown UIInterfaceOrientationLandscapeLeft UIInterfaceOrientationLandscapeRight";
				INFOPLIST_KEY_UISupportedInterfaceOrientations_iPhone = "UIInterfaceOrientationPortrait UIInterfaceOrientationLandscapeLeft UIInterfaceOrientationLandscapeRight";
				IPHONEOS_DEPLOYMENT_TARGET = 15.0;
				LD_RUNPATH_SEARCH_PATHS = (
					"$(inherited)",
					"@executable_path/Frameworks",
				);
				MARKETING_VERSION = 1.0;
				PRODUCT_BUNDLE_IDENTIFIER = nwmsu.GroupProject;
				PRODUCT_NAME = "$(TARGET_NAME)";
				SWIFT_EMIT_LOC_STRINGS = YES;
				SWIFT_VERSION = 5.0;
				TARGETED_DEVICE_FAMILY = "1,2";
			};
			name = Debug;
		};
		3F10488227FFD09500F932F8 /* Release */ = {
			isa = XCBuildConfiguration;
			buildSettings = {
				ASSETCATALOG_COMPILER_APPICON_NAME = AppIcon;
				ASSETCATALOG_COMPILER_GLOBAL_ACCENT_COLOR_NAME = AccentColor;
				CODE_SIGN_STYLE = Automatic;
				CURRENT_PROJECT_VERSION = 1;
				GENERATE_INFOPLIST_FILE = YES;
				INFOPLIST_FILE = GroupProject/Info.plist;
				INFOPLIST_KEY_UIApplicationSupportsIndirectInputEvents = YES;
				INFOPLIST_KEY_UILaunchStoryboardName = LaunchScreen;
				INFOPLIST_KEY_UIMainStoryboardFile = Main;
				INFOPLIST_KEY_UISupportedInterfaceOrientations_iPad = "UIInterfaceOrientationPortrait UIInterfaceOrientationPortraitUpsideDown UIInterfaceOrientationLandscapeLeft UIInterfaceOrientationLandscapeRight";
				INFOPLIST_KEY_UISupportedInterfaceOrientations_iPhone = "UIInterfaceOrientationPortrait UIInterfaceOrientationLandscapeLeft UIInterfaceOrientationLandscapeRight";
				IPHONEOS_DEPLOYMENT_TARGET = 15.0;
				LD_RUNPATH_SEARCH_PATHS = (
					"$(inherited)",
					"@executable_path/Frameworks",
				);
				MARKETING_VERSION = 1.0;
				PRODUCT_BUNDLE_IDENTIFIER = nwmsu.GroupProject;
				PRODUCT_NAME = "$(TARGET_NAME)";
				SWIFT_EMIT_LOC_STRINGS = YES;
				SWIFT_VERSION = 5.0;
				TARGETED_DEVICE_FAMILY = "1,2";
			};
			name = Release;
		};
		3F10488427FFD09500F932F8 /* Debug */ = {
			isa = XCBuildConfiguration;
			buildSettings = {
				ALWAYS_EMBED_SWIFT_STANDARD_LIBRARIES = YES;
				BUNDLE_LOADER = "$(TEST_HOST)";
				CODE_SIGN_STYLE = Automatic;
				CURRENT_PROJECT_VERSION = 1;
				GENERATE_INFOPLIST_FILE = YES;
				IPHONEOS_DEPLOYMENT_TARGET = 15.4;
				MARKETING_VERSION = 1.0;
				PRODUCT_BUNDLE_IDENTIFIER = nwmsu.GroupProjectTests;
				PRODUCT_NAME = "$(TARGET_NAME)";
				SWIFT_EMIT_LOC_STRINGS = NO;
				SWIFT_VERSION = 5.0;
				TARGETED_DEVICE_FAMILY = "1,2";
				TEST_HOST = "$(BUILT_PRODUCTS_DIR)/GroupProject.app/GroupProject";
			};
			name = Debug;
		};
		3F10488527FFD09500F932F8 /* Release */ = {
			isa = XCBuildConfiguration;
			buildSettings = {
				ALWAYS_EMBED_SWIFT_STANDARD_LIBRARIES = YES;
				BUNDLE_LOADER = "$(TEST_HOST)";
				CODE_SIGN_STYLE = Automatic;
				CURRENT_PROJECT_VERSION = 1;
				GENERATE_INFOPLIST_FILE = YES;
				IPHONEOS_DEPLOYMENT_TARGET = 15.4;
				MARKETING_VERSION = 1.0;
				PRODUCT_BUNDLE_IDENTIFIER = nwmsu.GroupProjectTests;
				PRODUCT_NAME = "$(TARGET_NAME)";
				SWIFT_EMIT_LOC_STRINGS = NO;
				SWIFT_VERSION = 5.0;
				TARGETED_DEVICE_FAMILY = "1,2";
				TEST_HOST = "$(BUILT_PRODUCTS_DIR)/GroupProject.app/GroupProject";
			};
			name = Release;
		};
		3F10488727FFD09500F932F8 /* Debug */ = {
			isa = XCBuildConfiguration;
			buildSettings = {
				ALWAYS_EMBED_SWIFT_STANDARD_LIBRARIES = YES;
				CODE_SIGN_STYLE = Automatic;
				CURRENT_PROJECT_VERSION = 1;
				GENERATE_INFOPLIST_FILE = YES;
				MARKETING_VERSION = 1.0;
				PRODUCT_BUNDLE_IDENTIFIER = nwmsu.GroupProjectUITests;
				PRODUCT_NAME = "$(TARGET_NAME)";
				SWIFT_EMIT_LOC_STRINGS = NO;
				SWIFT_VERSION = 5.0;
				TARGETED_DEVICE_FAMILY = "1,2";
				TEST_TARGET_NAME = GroupProject;
			};
			name = Debug;
		};
		3F10488827FFD09500F932F8 /* Release */ = {
			isa = XCBuildConfiguration;
			buildSettings = {
				ALWAYS_EMBED_SWIFT_STANDARD_LIBRARIES = YES;
				CODE_SIGN_STYLE = Automatic;
				CURRENT_PROJECT_VERSION = 1;
				GENERATE_INFOPLIST_FILE = YES;
				MARKETING_VERSION = 1.0;
				PRODUCT_BUNDLE_IDENTIFIER = nwmsu.GroupProjectUITests;
				PRODUCT_NAME = "$(TARGET_NAME)";
				SWIFT_EMIT_LOC_STRINGS = NO;
				SWIFT_VERSION = 5.0;
				TARGETED_DEVICE_FAMILY = "1,2";
				TEST_TARGET_NAME = GroupProject;
			};
			name = Release;
		};
/* End XCBuildConfiguration section */

/* Begin XCConfigurationList section */
		3F10485127FFD09400F932F8 /* Build configuration list for PBXProject "GroupProject" */ = {
			isa = XCConfigurationList;
			buildConfigurations = (
				3F10487E27FFD09500F932F8 /* Debug */,
				3F10487F27FFD09500F932F8 /* Release */,
			);
			defaultConfigurationIsVisible = 0;
			defaultConfigurationName = Release;
		};
		3F10488027FFD09500F932F8 /* Build configuration list for PBXNativeTarget "GroupProject" */ = {
			isa = XCConfigurationList;
			buildConfigurations = (
				3F10488127FFD09500F932F8 /* Debug */,
				3F10488227FFD09500F932F8 /* Release */,
			);
			defaultConfigurationIsVisible = 0;
			defaultConfigurationName = Release;
		};
		3F10488327FFD09500F932F8 /* Build configuration list for PBXNativeTarget "GroupProjectTests" */ = {
			isa = XCConfigurationList;
			buildConfigurations = (
				3F10488427FFD09500F932F8 /* Debug */,
				3F10488527FFD09500F932F8 /* Release */,
			);
			defaultConfigurationIsVisible = 0;
			defaultConfigurationName = Release;
		};
		3F10488627FFD09500F932F8 /* Build configuration list for PBXNativeTarget "GroupProjectUITests" */ = {
			isa = XCConfigurationList;
			buildConfigurations = (
				3F10488727FFD09500F932F8 /* Debug */,
				3F10488827FFD09500F932F8 /* Release */,
			);
			defaultConfigurationIsVisible = 0;
			defaultConfigurationName = Release;
		};
/* End XCConfigurationList section */

/* Begin XCRemoteSwiftPackageReference section */
		3F818A97281D047E00213132 /* XCRemoteSwiftPackageReference "firebase-ios-sdk" */ = {
			isa = XCRemoteSwiftPackageReference;
			repositoryURL = "https://github.com/firebase/firebase-ios-sdk";
			requirement = {
				kind = upToNextMajorVersion;
				minimumVersion = 8.0.0;
			};
		};
/* End XCRemoteSwiftPackageReference section */

/* Begin XCSwiftPackageProductDependency section */
		3F818A98281D047E00213132 /* FirebaseAnalytics */ = {
			isa = XCSwiftPackageProductDependency;
			package = 3F818A97281D047E00213132 /* XCRemoteSwiftPackageReference "firebase-ios-sdk" */;
			productName = FirebaseAnalytics;
		};
/* End XCSwiftPackageProductDependency section */
	};
	rootObject = 3F10484E27FFD09400F932F8 /* Project object */;
}
